
Microsoft Visual Studio Solution File, Format Version 12.00
# Visual Studio Version 17
VisualStudioVersion = 17.5.33530.505
MinimumVisualStudioVersion = 10.0.40219.1
Project("{FAE04EC0-301F-11D3-BF4B-00C04F79EFBC}") = "Conversor_de_temperatura", "Conversor_de_temperatura\Conversor_de_temperatura.csproj", "{1D316BB6-4037-41E3-B18A-F88A673266BA}"
EndProject
Global
	GlobalSection(SolutionConfigurationPlatforms) = preSolution
		Debug|Any CPU = Debug|Any CPU
		Release|Any CPU = Release|Any CPU
	EndGlobalSection
	GlobalSection(ProjectConfigurationPlatforms) = postSolution
		{1D316BB6-4037-41E3-B18A-F88A673266BA}.Debug|Any CPU.ActiveCfg = Debug|Any CPU
		{1D316BB6-4037-41E3-B18A-F88A673266BA}.Debug|Any CPU.Build.0 = Debug|Any CPU
		{1D316BB6-4037-41E3-B18A-F88A673266BA}.Release|Any CPU.ActiveCfg = Release|Any CPU
		{1D316BB6-4037-41E3-B18A-F88A673266BA}.Release|Any CPU.Build.0 = Release|Any CPU
	EndGlobalSection
	GlobalSection(SolutionProperties) = preSolution
		HideSolutionNode = FALSE
	EndGlobalSection
	GlobalSection(ExtensibilityGlobals) = postSolution
		SolutionGuid = {6B6100D2-BD0C-4064-80C0-17914ADB35E6}
	EndGlobalSection
EndGlobal
